
Microsoft Visual Studio Solution File, Format Version 12.00
# Visual Studio 15
VisualStudioVersion = 15.0.28010.2016
MinimumVisualStudioVersion = 10.0.40219.1
Project("{FAE04EC0-301F-11D3-BF4B-00C04F79EFBC}") = "Ejercicio", "Ejercicio\Ejercicio.csproj", "{46897E83-7B11-4DE0-8A13-B1C728B3E9DD}"
EndProject
Project("{FAE04EC0-301F-11D3-BF4B-00C04F79EFBC}") = "Entidades", "Entidades\Entidades.csproj", "{F4C8E803-CC8F-46FE-BD19-71CA9EB3B8D4}"
EndProject
Project("{FAE04EC0-301F-11D3-BF4B-00C04F79EFBC}") = "Excepciones", "ClassLibrary1\Excepciones.csproj", "{8E55B2EC-0F75-4DB3-8BC8-E2449D71BC0F}"
EndProject
Project("{FAE04EC0-301F-11D3-BF4B-00C04F79EFBC}") = "Pruebas unitarias", "Pruebas unitarias\Pruebas unitarias.csproj", "{7FEAB7BB-679C-4AE2-A5F6-470FBE88238B}"
EndProject
Global
	GlobalSection(SolutionConfigurationPlatforms) = preSolution
		Debug|Any CPU = Debug|Any CPU
		Debug|ARM = Debug|ARM
		Debug|x64 = Debug|x64
		Debug|x86 = Debug|x86
		Release|Any CPU = Release|Any CPU
		Release|ARM = Release|ARM
		Release|x64 = Release|x64
		Release|x86 = Release|x86
	EndGlobalSection
	GlobalSection(ProjectConfigurationPlatforms) = postSolution
		{46897E83-7B11-4DE0-8A13-B1C728B3E9DD}.Debug|Any CPU.ActiveCfg = Debug|Any CPU
		{46897E83-7B11-4DE0-8A13-B1C728B3E9DD}.Debug|Any CPU.Build.0 = Debug|Any CPU
		{46897E83-7B11-4DE0-8A13-B1C728B3E9DD}.Debug|ARM.ActiveCfg = Debug|Any CPU
		{46897E83-7B11-4DE0-8A13-B1C728B3E9DD}.Debug|ARM.Build.0 = Debug|Any CPU
		{46897E83-7B11-4DE0-8A13-B1C728B3E9DD}.Debug|x64.ActiveCfg = Debug|Any CPU
		{46897E83-7B11-4DE0-8A13-B1C728B3E9DD}.Debug|x64.Build.0 = Debug|Any CPU
		{46897E83-7B11-4DE0-8A13-B1C728B3E9DD}.Debug|x86.ActiveCfg = Debug|Any CPU
		{46897E83-7B11-4DE0-8A13-B1C728B3E9DD}.Debug|x86.Build.0 = Debug|Any CPU
		{46897E83-7B11-4DE0-8A13-B1C728B3E9DD}.Release|Any CPU.ActiveCfg = Release|Any CPU
		{46897E83-7B11-4DE0-8A13-B1C728B3E9DD}.Release|Any CPU.Build.0 = Release|Any CPU
		{46897E83-7B11-4DE0-8A13-B1C728B3E9DD}.Release|ARM.ActiveCfg = Release|Any CPU
		{46897E83-7B11-4DE0-8A13-B1C728B3E9DD}.Release|ARM.Build.0 = Release|Any CPU
		{46897E83-7B11-4DE0-8A13-B1C728B3E9DD}.Release|x64.ActiveCfg = Release|Any CPU
		{46897E83-7B11-4DE0-8A13-B1C728B3E9DD}.Release|x64.Build.0 = Release|Any CPU
		{46897E83-7B11-4DE0-8A13-B1C728B3E9DD}.Release|x86.ActiveCfg = Release|Any CPU
		{46897E83-7B11-4DE0-8A13-B1C728B3E9DD}.Release|x86.Build.0 = Release|Any CPU
		{F4C8E803-CC8F-46FE-BD19-71CA9EB3B8D4}.Debug|Any CPU.ActiveCfg = Debug|Any CPU
		{F4C8E803-CC8F-46FE-BD19-71CA9EB3B8D4}.Debug|Any CPU.Build.0 = Debug|Any CPU
		{F4C8E803-CC8F-46FE-BD19-71CA9EB3B8D4}.Debug|ARM.ActiveCfg = Debug|Any CPU
		{F4C8E803-CC8F-46FE-BD19-71CA9EB3B8D4}.Debug|ARM.Build.0 = Debug|Any CPU
		{F4C8E803-CC8F-46FE-BD19-71CA9EB3B8D4}.Debug|x64.ActiveCfg = Debug|Any CPU
		{F4C8E803-CC8F-46FE-BD19-71CA9EB3B8D4}.Debug|x64.Build.0 = Debug|Any CPU
		{F4C8E803-CC8F-46FE-BD19-71CA9EB3B8D4}.Debug|x86.ActiveCfg = Debug|Any CPU
		{F4C8E803-CC8F-46FE-BD19-71CA9EB3B8D4}.Debug|x86.Build.0 = Debug|Any CPU
		{F4C8E803-CC8F-46FE-BD19-71CA9EB3B8D4}.Release|Any CPU.ActiveCfg = Release|Any CPU
		{F4C8E803-CC8F-46FE-BD19-71CA9EB3B8D4}.Release|Any CPU.Build.0 = Release|Any CPU
		{F4C8E803-CC8F-46FE-BD19-71CA9EB3B8D4}.Release|ARM.ActiveCfg = Release|Any CPU
		{F4C8E803-CC8F-46FE-BD19-71CA9EB3B8D4}.Release|ARM.Build.0 = Release|Any CPU
		{F4C8E803-CC8F-46FE-BD19-71CA9EB3B8D4}.Release|x64.ActiveCfg = Release|Any CPU
		{F4C8E803-CC8F-46FE-BD19-71CA9EB3B8D4}.Release|x64.Build.0 = Release|Any CPU
		{F4C8E803-CC8F-46FE-BD19-71CA9EB3B8D4}.Release|x86.ActiveCfg = Release|Any CPU
		{F4C8E803-CC8F-46FE-BD19-71CA9EB3B8D4}.Release|x86.Build.0 = Release|Any CPU
		{8E55B2EC-0F75-4DB3-8BC8-E2449D71BC0F}.Debug|Any CPU.ActiveCfg = Debug|Any CPU
		{8E55B2EC-0F75-4DB3-8BC8-E2449D71BC0F}.Debug|Any CPU.Build.0 = Debug|Any CPU
		{8E55B2EC-0F75-4DB3-8BC8-E2449D71BC0F}.Debug|ARM.ActiveCfg = Debug|Any CPU
		{8E55B2EC-0F75-4DB3-8BC8-E2449D71BC0F}.Debug|ARM.Build.0 = Debug|Any CPU
		{8E55B2EC-0F75-4DB3-8BC8-E2449D71BC0F}.Debug|x64.ActiveCfg = Debug|Any CPU
		{8E55B2EC-0F75-4DB3-8BC8-E2449D71BC0F}.Debug|x64.Build.0 = Debug|Any CPU
		{8E55B2EC-0F75-4DB3-8BC8-E2449D71BC0F}.Debug|x86.ActiveCfg = Debug|Any CPU
		{8E55B2EC-0F75-4DB3-8BC8-E2449D71BC0F}.Debug|x86.Build.0 = Debug|Any CPU
		{8E55B2EC-0F75-4DB3-8BC8-E2449D71BC0F}.Release|Any CPU.ActiveCfg = Release|Any CPU
		{8E55B2EC-0F75-4DB3-8BC8-E2449D71BC0F}.Release|Any CPU.Build.0 = Release|Any CPU
		{8E55B2EC-0F75-4DB3-8BC8-E2449D71BC0F}.Release|ARM.ActiveCfg = Release|Any CPU
		{8E55B2EC-0F75-4DB3-8BC8-E2449D71BC0F}.Release|ARM.Build.0 = Release|Any CPU
		{8E55B2EC-0F75-4DB3-8BC8-E2449D71BC0F}.Release|x64.ActiveCfg = Release|Any CPU
		{8E55B2EC-0F75-4DB3-8BC8-E2449D71BC0F}.Release|x64.Build.0 = Release|Any CPU
		{8E55B2EC-0F75-4DB3-8BC8-E2449D71BC0F}.Release|x86.ActiveCfg = Release|Any CPU
		{8E55B2EC-0F75-4DB3-8BC8-E2449D71BC0F}.Release|x86.Build.0 = Release|Any CPU
		{7FEAB7BB-679C-4AE2-A5F6-470FBE88238B}.Debug|Any CPU.ActiveCfg = Debug|Any CPU
		{7FEAB7BB-679C-4AE2-A5F6-470FBE88238B}.Debug|Any CPU.Build.0 = Debug|Any CPU
		{7FEAB7BB-679C-4AE2-A5F6-470FBE88238B}.Debug|ARM.ActiveCfg = Debug|Any CPU
		{7FEAB7BB-679C-4AE2-A5F6-470FBE88238B}.Debug|ARM.Build.0 = Debug|Any CPU
		{7FEAB7BB-679C-4AE2-A5F6-470FBE88238B}.Debug|x64.ActiveCfg = Debug|Any CPU
		{7FEAB7BB-679C-4AE2-A5F6-470FBE88238B}.Debug|x64.Build.0 = Debug|Any CPU
		{7FEAB7BB-679C-4AE2-A5F6-470FBE88238B}.Debug|x86.ActiveCfg = Debug|Any CPU
		{7FEAB7BB-679C-4AE2-A5F6-470FBE88238B}.Debug|x86.Build.0 = Debug|Any CPU
		{7FEAB7BB-679C-4AE2-A5F6-470FBE88238B}.Release|Any CPU.ActiveCfg = Release|Any CPU
		{7FEAB7BB-679C-4AE2-A5F6-470FBE88238B}.Release|Any CPU.Build.0 = Release|Any CPU
		{7FEAB7BB-679C-4AE2-A5F6-470FBE88238B}.Release|ARM.ActiveCfg = Release|Any CPU
		{7FEAB7BB-679C-4AE2-A5F6-470FBE88238B}.Release|ARM.Build.0 = Release|Any CPU
		{7FEAB7BB-679C-4AE2-A5F6-470FBE88238B}.Release|x64.ActiveCfg = Release|Any CPU
		{7FEAB7BB-679C-4AE2-A5F6-470FBE88238B}.Release|x64.Build.0 = Release|Any CPU
		{7FEAB7BB-679C-4AE2-A5F6-470FBE88238B}.Release|x86.ActiveCfg = Release|Any CPU
		{7FEAB7BB-679C-4AE2-A5F6-470FBE88238B}.Release|x86.Build.0 = Release|Any CPU
	EndGlobalSection
	GlobalSection(SolutionProperties) = preSolution
		HideSolutionNode = FALSE
	EndGlobalSection
	GlobalSection(ExtensibilityGlobals) = postSolution
		SolutionGuid = {66E8ECD2-2C2F-450F-9F36-3736A7E9495E}
	EndGlobalSection
EndGlobal
