
Microsoft Visual Studio Solution File, Format Version 12.00
# Visual Studio 15
VisualStudioVersion = 15.0.28010.2016
MinimumVisualStudioVersion = 10.0.40219.1
Project("{FAE04EC0-301F-11D3-BF4B-00C04F79EFBC}") = "Estacionamiento", "Estacionamiento\Estacionamiento.csproj", "{752BF6C0-6E9A-43EA-8D8E-0B8D67E2E112}"
EndProject
Project("{9A19103F-16F7-4668-BE54-9A1E7A4F7556}") = "Entidades", "Entidades\Entidades.csproj", "{0F6CD6B8-2C2F-4035-8D6C-18EAC5F5E6E4}"
EndProject
Project("{FAE04EC0-301F-11D3-BF4B-00C04F79EFBC}") = "Excepciones", "Excepciones\Excepciones.csproj", "{67FE86E5-2252-4143-92D9-B6268CFB604C}"
EndProject
Global
	GlobalSection(SolutionConfigurationPlatforms) = preSolution
		Debug|Any CPU = Debug|Any CPU
		Release|Any CPU = Release|Any CPU
	EndGlobalSection
	GlobalSection(ProjectConfigurationPlatforms) = postSolution
		{752BF6C0-6E9A-43EA-8D8E-0B8D67E2E112}.Debug|Any CPU.ActiveCfg = Debug|Any CPU
		{752BF6C0-6E9A-43EA-8D8E-0B8D67E2E112}.Debug|Any CPU.Build.0 = Debug|Any CPU
		{752BF6C0-6E9A-43EA-8D8E-0B8D67E2E112}.Release|Any CPU.ActiveCfg = Release|Any CPU
		{752BF6C0-6E9A-43EA-8D8E-0B8D67E2E112}.Release|Any CPU.Build.0 = Release|Any CPU
		{0F6CD6B8-2C2F-4035-8D6C-18EAC5F5E6E4}.Debug|Any CPU.ActiveCfg = Debug|Any CPU
		{0F6CD6B8-2C2F-4035-8D6C-18EAC5F5E6E4}.Debug|Any CPU.Build.0 = Debug|Any CPU
		{0F6CD6B8-2C2F-4035-8D6C-18EAC5F5E6E4}.Release|Any CPU.ActiveCfg = Release|Any CPU
		{0F6CD6B8-2C2F-4035-8D6C-18EAC5F5E6E4}.Release|Any CPU.Build.0 = Release|Any CPU
		{67FE86E5-2252-4143-92D9-B6268CFB604C}.Debug|Any CPU.ActiveCfg = Debug|Any CPU
		{67FE86E5-2252-4143-92D9-B6268CFB604C}.Debug|Any CPU.Build.0 = Debug|Any CPU
		{67FE86E5-2252-4143-92D9-B6268CFB604C}.Release|Any CPU.ActiveCfg = Release|Any CPU
		{67FE86E5-2252-4143-92D9-B6268CFB604C}.Release|Any CPU.Build.0 = Release|Any CPU
	EndGlobalSection
	GlobalSection(SolutionProperties) = preSolution
		HideSolutionNode = FALSE
	EndGlobalSection
	GlobalSection(ExtensibilityGlobals) = postSolution
		SolutionGuid = {D58832E9-EDBF-4AB2-886C-4D958C44A8B2}
	EndGlobalSection
EndGlobal
